
Microsoft Visual Studio Solution File, Format Version 12.00
# Visual Studio Version 16
VisualStudioVersion = 16.0.31112.23
MinimumVisualStudioVersion = 10.0.40219.1
Project("{9A19103F-16F7-4668-BE54-9A1E7A4F7556}") = "MuzzyUtils", "MuzzyUtils\MuzzyUtils.csproj", "{82B24D9D-2895-4611-ACDE-9EE1D78A8335}"
EndProject
Global
	GlobalSection(SolutionConfigurationPlatforms) = preSolution
		Debug|x86 = Debug|x86
		Release|x86 = Release|x86
	EndGlobalSection
	GlobalSection(ProjectConfigurationPlatforms) = postSolution
		{82B24D9D-2895-4611-ACDE-9EE1D78A8335}.Debug|x86.ActiveCfg = Debug|Any CPU
		{82B24D9D-2895-4611-ACDE-9EE1D78A8335}.Debug|x86.Build.0 = Debug|Any CPU
		{82B24D9D-2895-4611-ACDE-9EE1D78A8335}.Release|x86.ActiveCfg = Release|Any CPU
		{82B24D9D-2895-4611-ACDE-9EE1D78A8335}.Release|x86.Build.0 = Release|Any CPU
	EndGlobalSection
	GlobalSection(SolutionProperties) = preSolution
		HideSolutionNode = FALSE
	EndGlobalSection
	GlobalSection(ExtensibilityGlobals) = postSolution
		SolutionGuid = {E44B7CE8-5467-4A46-AEB4-CF08052C7555}
	EndGlobalSection
EndGlobal
